{
  "version": 4,
  "terraform_version": "1.9.3",
  "serial": 64,
  "lineage": "7f835ea3-942b-c981-2fc9-5c9552f59060",
  "outputs": {},
  "resources": [
    {
      "mode": "managed",
      "type": "newrelic_one_dashboard",
      "name": "task_terr_dash",
      "provider": "provider[\"registry.terraform.io/newrelic/newrelic\"]",
      "instances": [
        {
          "index_key": "dash",
          "schema_version": 0,
          "attributes": {
            "account_id": 4438263,
            "description": null,
            "guid": "NDQzODI2M3xWSVp8REFTSEJPQVJEfGRhOjY1MjI1NDQ",
            "id": "NDQzODI2M3xWSVp8REFTSEJPQVJEfGRhOjY1MjI1NDQ",
            "name": "dashoard-new",
            "page": [
              {
                "description": "",
                "guid": "NDQzODI2M3xWSVp8REFTSEJPQVJEfDE5Mjk0NTg2",
                "name": "Page 1",
                "widget_area": [],
                "widget_bar": [
                  {
                    "colors": [],
                    "column": 1,
                    "facet_show_other_series": false,
                    "filter_current_dashboard": false,
                    "height": 3,
                    "id": "269718848",
                    "ignore_time_range": false,
                    "legend_enabled": true,
                    "linked_entity_guids": [],
                    "nrql_query": [
                      {
                        "account_id": 4438263,
                        "query": "FROM Transaction SELECT count(*) FACET name WHERE appName = 'apm-vs-relicstaurants' SINCE 2 days ago"
                      }
                    ],
                    "null_values": [],
                    "row": 4,
                    "title": "3",
                    "units": [],
                    "width": 6,
                    "y_axis_left_max": 0,
                    "y_axis_left_min": 0
                  }
                ],
                "widget_billboard": [
                  {
                    "colors": [],
                    "column": 7,
                    "critical": "",
                    "facet_show_other_series": false,
                    "height": 3,
                    "id": "270114247",
                    "ignore_time_range": false,
                    "legend_enabled": true,
                    "nrql_query": [
                      {
                        "account_id": 4438263,
                        "query": "FROM Transaction SELECT apdex(duration, 0.5) WHERE appName = 'apm-vs-relicstaurants' SINCE 2 days ago"
                      }
                    ],
                    "null_values": [],
                    "row": 4,
                    "title": "apdex",
                    "units": [],
                    "warning": "",
                    "width": 6,
                    "y_axis_left_max": 0,
                    "y_axis_left_min": 0
                  }
                ],
                "widget_bullet": [
                  {
                    "colors": [],
                    "column": 7,
                    "facet_show_other_series": false,
                    "height": 3,
                    "id": "270192180",
                    "ignore_time_range": false,
                    "legend_enabled": true,
                    "limit": 10,
                    "nrql_query": [
                      {
                        "account_id": 4438263,
                        "query": "FROM NetworkSample SELECT average(receiveBytesPerSecond) WHERE entityName='CEQ-ICT-LAPTOP-269'"
                      }
                    ],
                    "null_values": [],
                    "row": 1,
                    "title": "receiveBytesPerSecond",
                    "units": [],
                    "width": 6,
                    "y_axis_left_max": 0,
                    "y_axis_left_min": 0
                  }
                ],
                "widget_funnel": [],
                "widget_heatmap": [],
                "widget_histogram": [],
                "widget_json": [],
                "widget_line": [],
                "widget_log_table": [],
                "widget_markdown": [],
                "widget_pie": [
                  {
                    "colors": [],
                    "column": 1,
                    "facet_show_other_series": false,
                    "filter_current_dashboard": false,
                    "height": 3,
                    "id": "269718851",
                    "ignore_time_range": false,
                    "legend_enabled": true,
                    "linked_entity_guids": [],
                    "nrql_query": [
                      {
                        "account_id": 4438263,
                        "query": "FROM Transaction SELECT apdex(duration, 0.5) WHERE appName = 'apm-vs-relicstaurants' SINCE 2 days ago"
                      }
                    ],
                    "null_values": [],
                    "row": 1,
                    "title": "apdex",
                    "units": [],
                    "width": 6,
                    "y_axis_left_max": 0,
                    "y_axis_left_min": 0
                  }
                ],
                "widget_stacked_bar": [],
                "widget_table": []
              },
              {
                "description": "",
                "guid": "NDQzODI2M3xWSVp8REFTSEJPQVJEfDE5Mjk0NTg3",
                "name": "Page 2",
                "widget_area": [
                  {
                    "colors": [],
                    "column": 1,
                    "facet_show_other_series": false,
                    "height": 3,
                    "id": "269785986",
                    "ignore_time_range": false,
                    "legend_enabled": true,
                    "nrql_query": [
                      {
                        "account_id": 4438263,
                        "query": "FROM SystemSample SELECT average(cpuIdlePercent) WHERE entityName='CEQ-ICT-LAPTOP-269' TIMESERIES 1 minute"
                      }
                    ],
                    "null_values": [],
                    "row": 1,
                    "title": "cpuIdlePercent",
                    "units": [],
                    "width": 6,
                    "y_axis_left_max": 0,
                    "y_axis_left_min": 0
                  }
                ],
                "widget_bar": [],
                "widget_billboard": [],
                "widget_bullet": [],
                "widget_funnel": [],
                "widget_heatmap": [],
                "widget_histogram": [],
                "widget_json": [],
                "widget_line": [
                  {
                    "colors": [],
                    "column": 7,
                    "facet_show_other_series": false,
                    "height": 3,
                    "id": "269852936",
                    "ignore_time_range": false,
                    "is_label_visible": false,
                    "legend_enabled": true,
                    "nrql_query": [
                      {
                        "account_id": 4438263,
                        "query": "FROM SystemSample SELECT average(memoryUsedPercent) WHERE entityName='CEQ-ICT-LAPTOP-269' TIMESERIES"
                      }
                    ],
                    "null_values": [],
                    "row": 1,
                    "threshold": [],
                    "title": "memoryUsedPercent",
                    "units": [],
                    "width": 6,
                    "y_axis_left_max": 0,
                    "y_axis_left_min": 0,
                    "y_axis_left_zero": false,
                    "y_axis_right": []
                  }
                ],
                "widget_log_table": [],
                "widget_markdown": [],
                "widget_pie": [],
                "widget_stacked_bar": [],
                "widget_table": [
                  {
                    "colors": [],
                    "column": 1,
                    "facet_show_other_series": false,
                    "filter_current_dashboard": false,
                    "height": 3,
                    "id": "270124499",
                    "ignore_time_range": false,
                    "legend_enabled": true,
                    "linked_entity_guids": [],
                    "nrql_query": [
                      {
                        "account_id": 4438263,
                        "query": "FROM NetworkSample SELECT average(receiveBytesPerSecond) WHERE entityName='CEQ-ICT-LAPTOP-269'"
                      }
                    ],
                    "null_values": [],
                    "row": 7,
                    "threshold": [],
                    "title": "3",
                    "units": [],
                    "width": 6,
                    "y_axis_left_max": 0,
                    "y_axis_left_min": 0
                  }
                ]
              }
            ],
            "permalink": "https://one.newrelic.com/redirect/entity/NDQzODI2M3xWSVp8REFTSEJPQVJEfGRhOjY1MjI1NDQ",
            "permissions": "public_read_only",
            "variable": []
          },
          "sensitive_attributes": [],
          "private": "bnVsbA=="
        }
      ]
    }
  ],
  "check_results": null
}
